
Microsoft Visual Studio Solution File, Format Version 12.00
# Visual Studio Version 16
VisualStudioVersion = 16.0.30517.126
MinimumVisualStudioVersion = 10.0.40219.1
Project("{FAE04EC0-301F-11D3-BF4B-00C04F79EFBC}") = "demo API", "demo API\demo API.csproj", "{2AD9614B-BD0A-4A59-941C-BAD15A569BA3}"
EndProject
Global
	GlobalSection(SolutionConfigurationPlatforms) = preSolution
		Debug|Any CPU = Debug|Any CPU
		Release|Any CPU = Release|Any CPU
	EndGlobalSection
	GlobalSection(ProjectConfigurationPlatforms) = postSolution
		{2AD9614B-BD0A-4A59-941C-BAD15A569BA3}.Debug|Any CPU.ActiveCfg = Debug|Any CPU
		{2AD9614B-BD0A-4A59-941C-BAD15A569BA3}.Debug|Any CPU.Build.0 = Debug|Any CPU
		{2AD9614B-BD0A-4A59-941C-BAD15A569BA3}.Release|Any CPU.ActiveCfg = Release|Any CPU
		{2AD9614B-BD0A-4A59-941C-BAD15A569BA3}.Release|Any CPU.Build.0 = Release|Any CPU
	EndGlobalSection
	GlobalSection(SolutionProperties) = preSolution
		HideSolutionNode = FALSE
	EndGlobalSection
	GlobalSection(ExtensibilityGlobals) = postSolution
		SolutionGuid = {DFE1E59C-B6CC-41F1-86DA-0904F74E416F}
	EndGlobalSection
EndGlobal
